
Microsoft Visual Studio Solution File, Format Version 12.00
# Visual Studio Version 16
VisualStudioVersion = 16.0.29613.14
MinimumVisualStudioVersion = 10.0.40219.1
Project("{8BC9CEB8-8B4A-11D0-8D11-00A0C91BC942}") = "Q4_Program", "Q4_Program\Q4_Program.vcxproj", "{679C9FAD-8370-4E75-932F-39DEB9AE35C6}"
EndProject
Global
	GlobalSection(SolutionConfigurationPlatforms) = preSolution
		Debug|x64 = Debug|x64
		Debug|x86 = Debug|x86
		Release|x64 = Release|x64
		Release|x86 = Release|x86
	EndGlobalSection
	GlobalSection(ProjectConfigurationPlatforms) = postSolution
		{679C9FAD-8370-4E75-932F-39DEB9AE35C6}.Debug|x64.ActiveCfg = Debug|x64
		{679C9FAD-8370-4E75-932F-39DEB9AE35C6}.Debug|x64.Build.0 = Debug|x64
		{679C9FAD-8370-4E75-932F-39DEB9AE35C6}.Debug|x86.ActiveCfg = Debug|Win32
		{679C9FAD-8370-4E75-932F-39DEB9AE35C6}.Debug|x86.Build.0 = Debug|Win32
		{679C9FAD-8370-4E75-932F-39DEB9AE35C6}.Release|x64.ActiveCfg = Release|x64
		{679C9FAD-8370-4E75-932F-39DEB9AE35C6}.Release|x64.Build.0 = Release|x64
		{679C9FAD-8370-4E75-932F-39DEB9AE35C6}.Release|x86.ActiveCfg = Release|Win32
		{679C9FAD-8370-4E75-932F-39DEB9AE35C6}.Release|x86.Build.0 = Release|Win32
	EndGlobalSection
	GlobalSection(SolutionProperties) = preSolution
		HideSolutionNode = FALSE
	EndGlobalSection
	GlobalSection(ExtensibilityGlobals) = postSolution
		SolutionGuid = {5787C4C2-DF89-488A-92A8-9F9BCFAB1DD8}
	EndGlobalSection
EndGlobal
